
Microsoft Visual Studio Solution File, Format Version 12.00
# Visual Studio Version 16
VisualStudioVersion = 16.0.28621.142
MinimumVisualStudioVersion = 10.0.40219.1
Project("{FAE04EC0-301F-11D3-BF4B-00C04F79EFBC}") = "MASGlobalTest.Web", "MASGlobalTest.Web\MASGlobalTest.Web.csproj", "{46D21BAA-4068-4A80-AAAD-BECDEE2A3170}"
EndProject
Project("{FAE04EC0-301F-11D3-BF4B-00C04F79EFBC}") = "MASGlobalTest.Common", "MASGlobalTest.Common\MASGlobalTest.Common.csproj", "{60AD7908-5697-46C9-857E-2A88B8881002}"
EndProject
Global
	GlobalSection(SolutionConfigurationPlatforms) = preSolution
		Debug|Any CPU = Debug|Any CPU
		Release|Any CPU = Release|Any CPU
	EndGlobalSection
	GlobalSection(ProjectConfigurationPlatforms) = postSolution
		{46D21BAA-4068-4A80-AAAD-BECDEE2A3170}.Debug|Any CPU.ActiveCfg = Debug|Any CPU
		{46D21BAA-4068-4A80-AAAD-BECDEE2A3170}.Debug|Any CPU.Build.0 = Debug|Any CPU
		{46D21BAA-4068-4A80-AAAD-BECDEE2A3170}.Release|Any CPU.ActiveCfg = Release|Any CPU
		{46D21BAA-4068-4A80-AAAD-BECDEE2A3170}.Release|Any CPU.Build.0 = Release|Any CPU
		{60AD7908-5697-46C9-857E-2A88B8881002}.Debug|Any CPU.ActiveCfg = Debug|Any CPU
		{60AD7908-5697-46C9-857E-2A88B8881002}.Debug|Any CPU.Build.0 = Debug|Any CPU
		{60AD7908-5697-46C9-857E-2A88B8881002}.Release|Any CPU.ActiveCfg = Release|Any CPU
		{60AD7908-5697-46C9-857E-2A88B8881002}.Release|Any CPU.Build.0 = Release|Any CPU
	EndGlobalSection
	GlobalSection(SolutionProperties) = preSolution
		HideSolutionNode = FALSE
	EndGlobalSection
	GlobalSection(ExtensibilityGlobals) = postSolution
		SolutionGuid = {53A820F3-5165-45D9-B8D7-85E5ED8A773B}
	EndGlobalSection
EndGlobal
